
Microsoft Visual Studio Solution File, Format Version 12.00
# Visual Studio Version 16
VisualStudioVersion = 16.0.29306.81
MinimumVisualStudioVersion = 10.0.40219.1
Project("{FAE04EC0-301F-11D3-BF4B-00C04F79EFBC}") = "Streets_Of_Malice", "Streets_Of_Malice\Streets_Of_Malice.csproj", "{8BB0601A-0AEF-4AE2-98AE-3CED3E849792}"
EndProject
Project("{FAE04EC0-301F-11D3-BF4B-00C04F79EFBC}") = "UserLibrary", "UserLibrary\UserLibrary.csproj", "{B8522794-5C6D-4CEA-A5A5-6047B71A4A91}"
EndProject
Project("{FAE04EC0-301F-11D3-BF4B-00C04F79EFBC}") = "MobLibrary", "MobLibrary\MobLibrary.csproj", "{04F1D14C-11B4-4167-A4F7-9E7C9808291A}"
EndProject
Project("{FAE04EC0-301F-11D3-BF4B-00C04F79EFBC}") = "ItemLibrary", "ItemLibrary\ItemLibrary.csproj", "{1BA7F058-BD8A-40B8-A8D0-DDA270FAF95B}"
EndProject
Global
	GlobalSection(SolutionConfigurationPlatforms) = preSolution
		Debug|Any CPU = Debug|Any CPU
		Release|Any CPU = Release|Any CPU
	EndGlobalSection
	GlobalSection(ProjectConfigurationPlatforms) = postSolution
		{8BB0601A-0AEF-4AE2-98AE-3CED3E849792}.Debug|Any CPU.ActiveCfg = Debug|Any CPU
		{8BB0601A-0AEF-4AE2-98AE-3CED3E849792}.Debug|Any CPU.Build.0 = Debug|Any CPU
		{8BB0601A-0AEF-4AE2-98AE-3CED3E849792}.Release|Any CPU.ActiveCfg = Release|Any CPU
		{8BB0601A-0AEF-4AE2-98AE-3CED3E849792}.Release|Any CPU.Build.0 = Release|Any CPU
		{B8522794-5C6D-4CEA-A5A5-6047B71A4A91}.Debug|Any CPU.ActiveCfg = Debug|Any CPU
		{B8522794-5C6D-4CEA-A5A5-6047B71A4A91}.Debug|Any CPU.Build.0 = Debug|Any CPU
		{B8522794-5C6D-4CEA-A5A5-6047B71A4A91}.Release|Any CPU.ActiveCfg = Release|Any CPU
		{B8522794-5C6D-4CEA-A5A5-6047B71A4A91}.Release|Any CPU.Build.0 = Release|Any CPU
		{04F1D14C-11B4-4167-A4F7-9E7C9808291A}.Debug|Any CPU.ActiveCfg = Debug|Any CPU
		{04F1D14C-11B4-4167-A4F7-9E7C9808291A}.Debug|Any CPU.Build.0 = Debug|Any CPU
		{04F1D14C-11B4-4167-A4F7-9E7C9808291A}.Release|Any CPU.ActiveCfg = Release|Any CPU
		{04F1D14C-11B4-4167-A4F7-9E7C9808291A}.Release|Any CPU.Build.0 = Release|Any CPU
		{1BA7F058-BD8A-40B8-A8D0-DDA270FAF95B}.Debug|Any CPU.ActiveCfg = Debug|Any CPU
		{1BA7F058-BD8A-40B8-A8D0-DDA270FAF95B}.Debug|Any CPU.Build.0 = Debug|Any CPU
		{1BA7F058-BD8A-40B8-A8D0-DDA270FAF95B}.Release|Any CPU.ActiveCfg = Release|Any CPU
		{1BA7F058-BD8A-40B8-A8D0-DDA270FAF95B}.Release|Any CPU.Build.0 = Release|Any CPU
	EndGlobalSection
	GlobalSection(SolutionProperties) = preSolution
		HideSolutionNode = FALSE
	EndGlobalSection
	GlobalSection(ExtensibilityGlobals) = postSolution
		SolutionGuid = {7CE2E0D8-6838-4337-BAF9-24F5179B2EA8}
	EndGlobalSection
EndGlobal
